
Microsoft Visual Studio Solution File, Format Version 12.00
# Visual Studio Version 17
VisualStudioVersion = 17.12.35323.107
MinimumVisualStudioVersion = 10.0.40219.1
Project("{2150E333-8FDC-42A3-9474-1A3956D46DE8}") = "src", "src", "{84029D45-4272-45D2-889F-57C61C7D40D3}"
EndProject
Project("{2150E333-8FDC-42A3-9474-1A3956D46DE8}") = "testes", "testes", "{CD99EDD8-0235-43C7-A6C0-CA0611FDCD4F}"
EndProject
Project("{2150E333-8FDC-42A3-9474-1A3956D46DE8}") = "Backend", "Backend", "{EBB17BF1-DBB3-4D26-ABF8-A6D1B2A71CBE}"
EndProject
Project("{2150E333-8FDC-42A3-9474-1A3956D46DE8}") = "Shared", "Shared", "{E0E494D1-AB01-4456-A6D6-E2AC305F57F9}"
EndProject
Project("{2150E333-8FDC-42A3-9474-1A3956D46DE8}") = "Mobile", "Mobile", "{8D239284-79D4-4C60-A084-B7B6A9FAA273}"
EndProject
Project("{FAE04EC0-301F-11D3-BF4B-00C04F79EFBC}") = "MyRecipeBook.API", "src\Backend\MyRecipeBook.API\MyRecipeBook.API.csproj", "{61A63030-21BD-439B-8BEA-D435E09F8E7B}"
EndProject
Project("{FAE04EC0-301F-11D3-BF4B-00C04F79EFBC}") = "MyRacipeBook.Application", "src\Backend\MyRacipeBook.Application\MyRacipeBook.Application.csproj", "{628023C7-6F87-4357-AAED-D1F15446713F}"
EndProject
Project("{FAE04EC0-301F-11D3-BF4B-00C04F79EFBC}") = "MyRecipebook.Domain", "src\Backend\MyRecipebook.Domain\MyRecipebook.Domain.csproj", "{B402BD7D-A8F7-4E9C-B850-7C6187DD8EB0}"
EndProject
Project("{FAE04EC0-301F-11D3-BF4B-00C04F79EFBC}") = "MyRecipeBook.Infrastruture", "src\Backend\MyRecipeBook.Infrastruture\MyRecipeBook.Infrastruture.csproj", "{D833D37F-E4DE-42F2-919B-62C33BC39EA7}"
EndProject
Project("{FAE04EC0-301F-11D3-BF4B-00C04F79EFBC}") = "MyRecipeBook.Comunication", "src\Shared\MyRecipeBook.Comunication\MyRecipeBook.Comunication.csproj", "{95A4210B-7B39-4828-9C97-D6A6BEBF4F47}"
EndProject
Project("{FAE04EC0-301F-11D3-BF4B-00C04F79EFBC}") = "MyRecipeBook.Exception", "src\Shared\MyRecipeBook.Exception\MyRecipeBook.Exception.csproj", "{4ECEA0C8-D4CC-49CD-97AE-2AA01ECC98D5}"
EndProject
Project("{FAE04EC0-301F-11D3-BF4B-00C04F79EFBC}") = "Validator.Test", "testes\Validator.Text\Validator.Test.csproj", "{17E99E8E-5601-4D34-AA76-7C0EB3DEFFEA}"
EndProject
Project("{FAE04EC0-301F-11D3-BF4B-00C04F79EFBC}") = "CommomTestUtilities", "testes\CommomTestUtilities\CommomTestUtilities.csproj", "{8598D282-1778-4840-8E1C-AAA4E0FF7FD0}"
EndProject
Project("{FAE04EC0-301F-11D3-BF4B-00C04F79EFBC}") = "UserCases.Test", "testes\UserCases.Text\UserCases.Test.csproj", "{C6034F3B-49C7-41F5-A7C3-DAB7117E1ED2}"
EndProject
Project("{FAE04EC0-301F-11D3-BF4B-00C04F79EFBC}") = "WebApi.Test", "testes\WebApi.Test\WebApi.Test.csproj", "{03E04986-C6B5-4773-B2D3-81B6A54E9DFD}"
EndProject
Global
	GlobalSection(SolutionConfigurationPlatforms) = preSolution
		Debug|Any CPU = Debug|Any CPU
		Release|Any CPU = Release|Any CPU
	EndGlobalSection
	GlobalSection(ProjectConfigurationPlatforms) = postSolution
		{61A63030-21BD-439B-8BEA-D435E09F8E7B}.Debug|Any CPU.ActiveCfg = Debug|Any CPU
		{61A63030-21BD-439B-8BEA-D435E09F8E7B}.Debug|Any CPU.Build.0 = Debug|Any CPU
		{61A63030-21BD-439B-8BEA-D435E09F8E7B}.Release|Any CPU.ActiveCfg = Release|Any CPU
		{61A63030-21BD-439B-8BEA-D435E09F8E7B}.Release|Any CPU.Build.0 = Release|Any CPU
		{628023C7-6F87-4357-AAED-D1F15446713F}.Debug|Any CPU.ActiveCfg = Debug|Any CPU
		{628023C7-6F87-4357-AAED-D1F15446713F}.Debug|Any CPU.Build.0 = Debug|Any CPU
		{628023C7-6F87-4357-AAED-D1F15446713F}.Release|Any CPU.ActiveCfg = Release|Any CPU
		{628023C7-6F87-4357-AAED-D1F15446713F}.Release|Any CPU.Build.0 = Release|Any CPU
		{B402BD7D-A8F7-4E9C-B850-7C6187DD8EB0}.Debug|Any CPU.ActiveCfg = Debug|Any CPU
		{B402BD7D-A8F7-4E9C-B850-7C6187DD8EB0}.Debug|Any CPU.Build.0 = Debug|Any CPU
		{B402BD7D-A8F7-4E9C-B850-7C6187DD8EB0}.Release|Any CPU.ActiveCfg = Release|Any CPU
		{B402BD7D-A8F7-4E9C-B850-7C6187DD8EB0}.Release|Any CPU.Build.0 = Release|Any CPU
		{D833D37F-E4DE-42F2-919B-62C33BC39EA7}.Debug|Any CPU.ActiveCfg = Debug|Any CPU
		{D833D37F-E4DE-42F2-919B-62C33BC39EA7}.Debug|Any CPU.Build.0 = Debug|Any CPU
		{D833D37F-E4DE-42F2-919B-62C33BC39EA7}.Release|Any CPU.ActiveCfg = Release|Any CPU
		{D833D37F-E4DE-42F2-919B-62C33BC39EA7}.Release|Any CPU.Build.0 = Release|Any CPU
		{95A4210B-7B39-4828-9C97-D6A6BEBF4F47}.Debug|Any CPU.ActiveCfg = Debug|Any CPU
		{95A4210B-7B39-4828-9C97-D6A6BEBF4F47}.Debug|Any CPU.Build.0 = Debug|Any CPU
		{95A4210B-7B39-4828-9C97-D6A6BEBF4F47}.Release|Any CPU.ActiveCfg = Release|Any CPU
		{95A4210B-7B39-4828-9C97-D6A6BEBF4F47}.Release|Any CPU.Build.0 = Release|Any CPU
		{4ECEA0C8-D4CC-49CD-97AE-2AA01ECC98D5}.Debug|Any CPU.ActiveCfg = Debug|Any CPU
		{4ECEA0C8-D4CC-49CD-97AE-2AA01ECC98D5}.Debug|Any CPU.Build.0 = Debug|Any CPU
		{4ECEA0C8-D4CC-49CD-97AE-2AA01ECC98D5}.Release|Any CPU.ActiveCfg = Release|Any CPU
		{4ECEA0C8-D4CC-49CD-97AE-2AA01ECC98D5}.Release|Any CPU.Build.0 = Release|Any CPU
		{17E99E8E-5601-4D34-AA76-7C0EB3DEFFEA}.Debug|Any CPU.ActiveCfg = Debug|Any CPU
		{17E99E8E-5601-4D34-AA76-7C0EB3DEFFEA}.Debug|Any CPU.Build.0 = Debug|Any CPU
		{17E99E8E-5601-4D34-AA76-7C0EB3DEFFEA}.Release|Any CPU.ActiveCfg = Release|Any CPU
		{17E99E8E-5601-4D34-AA76-7C0EB3DEFFEA}.Release|Any CPU.Build.0 = Release|Any CPU
		{8598D282-1778-4840-8E1C-AAA4E0FF7FD0}.Debug|Any CPU.ActiveCfg = Debug|Any CPU
		{8598D282-1778-4840-8E1C-AAA4E0FF7FD0}.Debug|Any CPU.Build.0 = Debug|Any CPU
		{8598D282-1778-4840-8E1C-AAA4E0FF7FD0}.Release|Any CPU.ActiveCfg = Release|Any CPU
		{8598D282-1778-4840-8E1C-AAA4E0FF7FD0}.Release|Any CPU.Build.0 = Release|Any CPU
		{C6034F3B-49C7-41F5-A7C3-DAB7117E1ED2}.Debug|Any CPU.ActiveCfg = Debug|Any CPU
		{C6034F3B-49C7-41F5-A7C3-DAB7117E1ED2}.Debug|Any CPU.Build.0 = Debug|Any CPU
		{C6034F3B-49C7-41F5-A7C3-DAB7117E1ED2}.Release|Any CPU.ActiveCfg = Release|Any CPU
		{C6034F3B-49C7-41F5-A7C3-DAB7117E1ED2}.Release|Any CPU.Build.0 = Release|Any CPU
		{03E04986-C6B5-4773-B2D3-81B6A54E9DFD}.Debug|Any CPU.ActiveCfg = Debug|Any CPU
		{03E04986-C6B5-4773-B2D3-81B6A54E9DFD}.Debug|Any CPU.Build.0 = Debug|Any CPU
		{03E04986-C6B5-4773-B2D3-81B6A54E9DFD}.Release|Any CPU.ActiveCfg = Release|Any CPU
		{03E04986-C6B5-4773-B2D3-81B6A54E9DFD}.Release|Any CPU.Build.0 = Release|Any CPU
	EndGlobalSection
	GlobalSection(SolutionProperties) = preSolution
		HideSolutionNode = FALSE
	EndGlobalSection
	GlobalSection(NestedProjects) = preSolution
		{EBB17BF1-DBB3-4D26-ABF8-A6D1B2A71CBE} = {84029D45-4272-45D2-889F-57C61C7D40D3}
		{E0E494D1-AB01-4456-A6D6-E2AC305F57F9} = {84029D45-4272-45D2-889F-57C61C7D40D3}
		{8D239284-79D4-4C60-A084-B7B6A9FAA273} = {84029D45-4272-45D2-889F-57C61C7D40D3}
		{61A63030-21BD-439B-8BEA-D435E09F8E7B} = {EBB17BF1-DBB3-4D26-ABF8-A6D1B2A71CBE}
		{628023C7-6F87-4357-AAED-D1F15446713F} = {EBB17BF1-DBB3-4D26-ABF8-A6D1B2A71CBE}
		{B402BD7D-A8F7-4E9C-B850-7C6187DD8EB0} = {EBB17BF1-DBB3-4D26-ABF8-A6D1B2A71CBE}
		{D833D37F-E4DE-42F2-919B-62C33BC39EA7} = {EBB17BF1-DBB3-4D26-ABF8-A6D1B2A71CBE}
		{95A4210B-7B39-4828-9C97-D6A6BEBF4F47} = {E0E494D1-AB01-4456-A6D6-E2AC305F57F9}
		{4ECEA0C8-D4CC-49CD-97AE-2AA01ECC98D5} = {E0E494D1-AB01-4456-A6D6-E2AC305F57F9}
		{17E99E8E-5601-4D34-AA76-7C0EB3DEFFEA} = {CD99EDD8-0235-43C7-A6C0-CA0611FDCD4F}
		{8598D282-1778-4840-8E1C-AAA4E0FF7FD0} = {CD99EDD8-0235-43C7-A6C0-CA0611FDCD4F}
		{C6034F3B-49C7-41F5-A7C3-DAB7117E1ED2} = {CD99EDD8-0235-43C7-A6C0-CA0611FDCD4F}
		{03E04986-C6B5-4773-B2D3-81B6A54E9DFD} = {CD99EDD8-0235-43C7-A6C0-CA0611FDCD4F}
	EndGlobalSection
	GlobalSection(ExtensibilityGlobals) = postSolution
		SolutionGuid = {E6E01E0F-4D86-4F40-9833-0607A70CC149}
	EndGlobalSection
EndGlobal
